// !$*UTF8*$!
{
	archiveVersion = 1;
	classes = {
	};
	objectVersion = 46;
	objects = {

/* Begin PBXBuildFile section */
		6C2A0DC817EC7340007C3997 /* Default-568h@2x.png in Resources */ = {isa = PBXBuildFile; fileRef = 6C2A0DC717EC7340007C3997 /* Default-568h@2x.png */; };
		6C2A0DD217EC74BB007C3997 /* ipgw_57x57.png in Resources */ = {isa = PBXBuildFile; fileRef = 6C2A0DCB17EC74BB007C3997 /* ipgw_57x57.png */; };
		6C2A0DD317EC74BB007C3997 /* ipgw_72x72.png in Resources */ = {isa = PBXBuildFile; fileRef = 6C2A0DCC17EC74BB007C3997 /* ipgw_72x72.png */; };
		6C2A0DD417EC74BB007C3997 /* ipgw_76x76.png in Resources */ = {isa = PBXBuildFile; fileRef = 6C2A0DCD17EC74BB007C3997 /* ipgw_76x76.png */; };
		6C2A0DD517EC74BB007C3997 /* ipgw_114x114.png in Resources */ = {isa = PBXBuildFile; fileRef = 6C2A0DCE17EC74BB007C3997 /* ipgw_114x114.png */; };
		6C2A0DD617EC74BB007C3997 /* ipgw_120x120.png in Resources */ = {isa = PBXBuildFile; fileRef = 6C2A0DCF17EC74BB007C3997 /* ipgw_120x120.png */; };
		6C2A0DD717EC74BB007C3997 /* ipgw_144x144.png in Resources */ = {isa = PBXBuildFile; fileRef = 6C2A0DD017EC74BB007C3997 /* ipgw_144x144.png */; };
		6C2A0DD817EC74BB007C3997 /* ipgw_152x152.png in Resources */ = {isa = PBXBuildFile; fileRef = 6C2A0DD117EC74BB007C3997 /* ipgw_152x152.png */; };
		6CBA344919CC7662002B9A39 /* ValuePickerCell.xib in Resources */ = {isa = PBXBuildFile; fileRef = 6CBA344819CC7662002B9A39 /* ValuePickerCell.xib */; };
		6CBA344C19CC7975002B9A39 /* ValuePickerCell.m in Sources */ = {isa = PBXBuildFile; fileRef = 6CBA344B19CC7975002B9A39 /* ValuePickerCell.m */; };
		E877DC3A151D6657007F5B3A /* Localizable.strings in Resources */ = {isa = PBXBuildFile; fileRef = E877DC38151D6657007F5B3A /* Localizable.strings */; };
		E877DC49151D8708007F5B3A /* SettingsViewController.xib in Resources */ = {isa = PBXBuildFile; fileRef = E877DC47151D8707007F5B3A /* SettingsViewController.xib */; };
		E89B316B14D8E15900B00A6E /* ToggleSwitchCell.xib in Resources */ = {isa = PBXBuildFile; fileRef = E89B316A14D8E15900B00A6E /* ToggleSwitchCell.xib */; };
		E8ADCF0114B5682000889AAA /* UIKit.framework in Frameworks */ = {isa = PBXBuildFile; fileRef = E8ADCF0014B5682000889AAA /* UIKit.framework */; };
		E8ADCF0314B5682000889AAA /* Foundation.framework in Frameworks */ = {isa = PBXBuildFile; fileRef = E8ADCF0214B5682000889AAA /* Foundation.framework */; };
		E8ADCF0514B5682000889AAA /* CoreGraphics.framework in Frameworks */ = {isa = PBXBuildFile; fileRef = E8ADCF0414B5682000889AAA /* CoreGraphics.framework */; };
		E8ADCF0B14B5682000889AAA /* InfoPlist.strings in Resources */ = {isa = PBXBuildFile; fileRef = E8ADCF0914B5682000889AAA /* InfoPlist.strings */; };
		E8ADCF0D14B5682000889AAA /* main.m in Sources */ = {isa = PBXBuildFile; fileRef = E8ADCF0C14B5682000889AAA /* main.m */; };
		E8ADCF1114B5682000889AAA /* IPGWAppDelegate.m in Sources */ = {isa = PBXBuildFile; fileRef = E8ADCF1014B5682000889AAA /* IPGWAppDelegate.m */; };
		E8ADCF1414B5682000889AAA /* IPGWViewController.m in Sources */ = {isa = PBXBuildFile; fileRef = E8ADCF1314B5682000889AAA /* IPGWViewController.m */; };
		E8ADCF1714B5682000889AAA /* IPGWViewController_iPhone.xib in Resources */ = {isa = PBXBuildFile; fileRef = E8ADCF1514B5682000889AAA /* IPGWViewController_iPhone.xib */; };
		E8ADCF1A14B5682000889AAA /* IPGWViewController_iPad.xib in Resources */ = {isa = PBXBuildFile; fileRef = E8ADCF1814B5682000889AAA /* IPGWViewController_iPad.xib */; };
		E8B5624E14D8CAF700E41B86 /* SettingsViewController.m in Sources */ = {isa = PBXBuildFile; fileRef = E8B5624C14D8CAF700E41B86 /* SettingsViewController.m */; };
		E8E09BBB14D8E26D00291900 /* ToggleSwitchCell.m in Sources */ = {isa = PBXBuildFile; fileRef = E8E09BBA14D8E26D00291900 /* ToggleSwitchCell.m */; };
		E8FB815114B8161B00F6178C /* noname-lake.jpg in Resources */ = {isa = PBXBuildFile; fileRef = E8FB815014B8161B00F6178C /* noname-lake.jpg */; };
/* End PBXBuildFile section */

/* Begin PBXFileReference section */
		6C2A0DC717EC7340007C3997 /* Default-568h@2x.png */ = {isa = PBXFileReference; lastKnownFileType = image.png; name = "Default-568h@2x.png"; path = "../Default-568h@2x.png"; sourceTree = "<group>"; };
		6C2A0DCB17EC74BB007C3997 /* ipgw_57x57.png */ = {isa = PBXFileReference; lastKnownFileType = image.png; path = ipgw_57x57.png; sourceTree = SOURCE_ROOT; };
		6C2A0DCC17EC74BB007C3997 /* ipgw_72x72.png */ = {isa = PBXFileReference; lastKnownFileType = image.png; path = ipgw_72x72.png; sourceTree = SOURCE_ROOT; };
		6C2A0DCD17EC74BB007C3997 /* ipgw_76x76.png */ = {isa = PBXFileReference; lastKnownFileType = image.png; path = ipgw_76x76.png; sourceTree = SOURCE_ROOT; };
		6C2A0DCE17EC74BB007C3997 /* ipgw_114x114.png */ = {isa = PBXFileReference; lastKnownFileType = image.png; path = ipgw_114x114.png; sourceTree = SOURCE_ROOT; };
		6C2A0DCF17EC74BB007C3997 /* ipgw_120x120.png */ = {isa = PBXFileReference; lastKnownFileType = image.png; path = ipgw_120x120.png; sourceTree = SOURCE_ROOT; };
		6C2A0DD017EC74BB007C3997 /* ipgw_144x144.png */ = {isa = PBXFileReference; lastKnownFileType = image.png; path = ipgw_144x144.png; sourceTree = SOURCE_ROOT; };
		6C2A0DD117EC74BB007C3997 /* ipgw_152x152.png */ = {isa = PBXFileReference; lastKnownFileType = image.png; path = ipgw_152x152.png; sourceTree = SOURCE_ROOT; };
		6CBA344819CC7662002B9A39 /* ValuePickerCell.xib */ = {isa = PBXFileReference; fileEncoding = 4; lastKnownFileType = file.xib; path = ValuePickerCell.xib; sourceTree = "<group>"; };
		6CBA344A19CC7975002B9A39 /* ValuePickerCell.h */ = {isa = PBXFileReference; fileEncoding = 4; lastKnownFileType = sourcecode.c.h; path = ValuePickerCell.h; sourceTree = "<group>"; };
		6CBA344B19CC7975002B9A39 /* ValuePickerCell.m */ = {isa = PBXFileReference; fileEncoding = 4; lastKnownFileType = sourcecode.c.objc; path = ValuePickerCell.m; sourceTree = "<group>"; };
		E877DC39151D6657007F5B3A /* en */ = {isa = PBXFileReference; lastKnownFileType = text.plist.strings; name = en; path = en.lproj/Localizable.strings; sourceTree = "<group>"; };
		E877DC3F151D6707007F5B3A /* zh-Hans */ = {isa = PBXFileReference; lastKnownFileType = text.plist.strings; name = "zh-Hans"; path = "zh-Hans.lproj/Localizable.strings"; sourceTree = "<group>"; };
		E877DC43151D6759007F5B3A /* zh-Hans */ = {isa = PBXFileReference; lastKnownFileType = file.xib; name = "zh-Hans"; path = "zh-Hans.lproj/IPGWViewController_iPad.xib"; sourceTree = "<group>"; };
		E877DC44151D6759007F5B3A /* zh-Hans */ = {isa = PBXFileReference; lastKnownFileType = file.xib; name = "zh-Hans"; path = "zh-Hans.lproj/IPGWViewController_iPhone.xib"; sourceTree = "<group>"; };
		E877DC48151D8708007F5B3A /* zh-Hans */ = {isa = PBXFileReference; lastKnownFileType = file.xib; name = "zh-Hans"; path = "zh-Hans.lproj/SettingsViewController.xib"; sourceTree = "<group>"; };
		E877DC4A151D8718007F5B3A /* en */ = {isa = PBXFileReference; lastKnownFileType = file.xib; name = en; path = en.lproj/SettingsViewController.xib; sourceTree = "<group>"; };
		E877DC50151D8CB6007F5B3A /* zh-Hans */ = {isa = PBXFileReference; lastKnownFileType = text.plist.strings; name = "zh-Hans"; path = "zh-Hans.lproj/InfoPlist.strings"; sourceTree = "<group>"; };
		E89B316A14D8E15900B00A6E /* ToggleSwitchCell.xib */ = {isa = PBXFileReference; fileEncoding = 4; lastKnownFileType = file.xib; path = ToggleSwitchCell.xib; sourceTree = "<group>"; };
		E8ADCEFC14B5682000889AAA /* IPGateway.app */ = {isa = PBXFileReference; explicitFileType = wrapper.application; includeInIndex = 0; path = IPGateway.app; sourceTree = BUILT_PRODUCTS_DIR; };
		E8ADCF0014B5682000889AAA /* UIKit.framework */ = {isa = PBXFileReference; lastKnownFileType = wrapper.framework; name = UIKit.framework; path = System/Library/Frameworks/UIKit.framework; sourceTree = SDKROOT; };
		E8ADCF0214B5682000889AAA /* Foundation.framework */ = {isa = PBXFileReference; lastKnownFileType = wrapper.framework; name = Foundation.framework; path = System/Library/Frameworks/Foundation.framework; sourceTree = SDKROOT; };
		E8ADCF0414B5682000889AAA /* CoreGraphics.framework */ = {isa = PBXFileReference; lastKnownFileType = wrapper.framework; name = CoreGraphics.framework; path = System/Library/Frameworks/CoreGraphics.framework; sourceTree = SDKROOT; };
		E8ADCF0814B5682000889AAA /* IPGateway-Info.plist */ = {isa = PBXFileReference; lastKnownFileType = text.plist.xml; path = "IPGateway-Info.plist"; sourceTree = "<group>"; };
		E8ADCF0A14B5682000889AAA /* en */ = {isa = PBXFileReference; lastKnownFileType = text.plist.strings; name = en; path = en.lproj/InfoPlist.strings; sourceTree = "<group>"; };
		E8ADCF0C14B5682000889AAA /* main.m */ = {isa = PBXFileReference; lastKnownFileType = sourcecode.c.objc; path = main.m; sourceTree = "<group>"; };
		E8ADCF0E14B5682000889AAA /* IPGateway-Prefix.pch */ = {isa = PBXFileReference; lastKnownFileType = sourcecode.c.h; path = "IPGateway-Prefix.pch"; sourceTree = "<group>"; };
		E8ADCF0F14B5682000889AAA /* IPGWAppDelegate.h */ = {isa = PBXFileReference; lastKnownFileType = sourcecode.c.h; path = IPGWAppDelegate.h; sourceTree = "<group>"; };
		E8ADCF1014B5682000889AAA /* IPGWAppDelegate.m */ = {isa = PBXFileReference; lastKnownFileType = sourcecode.c.objc; path = IPGWAppDelegate.m; sourceTree = "<group>"; };
		E8ADCF1214B5682000889AAA /* IPGWViewController.h */ = {isa = PBXFileReference; lastKnownFileType = sourcecode.c.h; path = IPGWViewController.h; sourceTree = "<group>"; };
		E8ADCF1314B5682000889AAA /* IPGWViewController.m */ = {isa = PBXFileReference; lastKnownFileType = sourcecode.c.objc; path = IPGWViewController.m; sourceTree = "<group>"; };
		E8ADCF1614B5682000889AAA /* en */ = {isa = PBXFileReference; lastKnownFileType = file.xib; name = en; path = en.lproj/IPGWViewController_iPhone.xib; sourceTree = "<group>"; };
		E8ADCF1914B5682000889AAA /* en */ = {isa = PBXFileReference; lastKnownFileType = file.xib; name = en; path = en.lproj/IPGWViewController_iPad.xib; sourceTree = "<group>"; };
		E8B5624B14D8CAF700E41B86 /* SettingsViewController.h */ = {isa = PBXFileReference; fileEncoding = 4; lastKnownFileType = sourcecode.c.h; path = SettingsViewController.h; sourceTree = "<group>"; };
		E8B5624C14D8CAF700E41B86 /* SettingsViewController.m */ = {isa = PBXFileReference; fileEncoding = 4; lastKnownFileType = sourcecode.c.objc; path = SettingsViewController.m; sourceTree = "<group>"; };
		E8E09BB914D8E26D00291900 /* ToggleSwitchCell.h */ = {isa = PBXFileReference; fileEncoding = 4; lastKnownFileType = sourcecode.c.h; path = ToggleSwitchCell.h; sourceTree = "<group>"; };
		E8E09BBA14D8E26D00291900 /* ToggleSwitchCell.m */ = {isa = PBXFileReference; fileEncoding = 4; lastKnownFileType = sourcecode.c.objc; path = ToggleSwitchCell.m; sourceTree = "<group>"; };
		E8FB815014B8161B00F6178C /* noname-lake.jpg */ = {isa = PBXFileReference; lastKnownFileType = image.jpeg; path = "noname-lake.jpg"; sourceTree = "<group>"; };
/* End PBXFileReference section */

/* Begin PBXFrameworksBuildPhase section */
		E8ADCEF914B5682000889AAA /* Frameworks */ = {
			isa = PBXFrameworksBuildPhase;
			buildActionMask = 2147483647;
			files = (
				E8ADCF0114B5682000889AAA /* UIKit.framework in Frameworks */,
				E8ADCF0314B5682000889AAA /* Foundation.framework in Frameworks */,
				E8ADCF0514B5682000889AAA /* CoreGraphics.framework in Frameworks */,
			);
			runOnlyForDeploymentPostprocessing = 0;
		};
/* End PBXFrameworksBuildPhase section */

/* Begin PBXGroup section */
		E8ADCEF114B5681F00889AAA = {
			isa = PBXGroup;
			children = (
				E8E5BD6E15734F95004BE6F9 /* Icons */,
				E8ADCF0614B5682000889AAA /* IPGateway */,
				E8ADCEFF14B5682000889AAA /* Frameworks */,
				E8ADCEFD14B5682000889AAA /* Products */,
			);
			sourceTree = "<group>";
		};
		E8ADCEFD14B5682000889AAA /* Products */ = {
			isa = PBXGroup;
			children = (
				E8ADCEFC14B5682000889AAA /* IPGateway.app */,
			);
			name = Products;
			sourceTree = "<group>";
		};
		E8ADCEFF14B5682000889AAA /* Frameworks */ = {
			isa = PBXGroup;
			children = (
				E8ADCF0014B5682000889AAA /* UIKit.framework */,
				E8ADCF0214B5682000889AAA /* Foundation.framework */,
				E8ADCF0414B5682000889AAA /* CoreGraphics.framework */,
			);
			name = Frameworks;
			sourceTree = "<group>";
		};
		E8ADCF0614B5682000889AAA /* IPGateway */ = {
			isa = PBXGroup;
			children = (
				E8FB815014B8161B00F6178C /* noname-lake.jpg */,
				E877DC47151D8707007F5B3A /* SettingsViewController.xib */,
				E89B316A14D8E15900B00A6E /* ToggleSwitchCell.xib */,
				6CBA344819CC7662002B9A39 /* ValuePickerCell.xib */,
				6CBA344A19CC7975002B9A39 /* ValuePickerCell.h */,
				6CBA344B19CC7975002B9A39 /* ValuePickerCell.m */,
				E8E09BB914D8E26D00291900 /* ToggleSwitchCell.h */,
				E8E09BBA14D8E26D00291900 /* ToggleSwitchCell.m */,
				E8ADCF0F14B5682000889AAA /* IPGWAppDelegate.h */,
				E8ADCF1014B5682000889AAA /* IPGWAppDelegate.m */,
				E8B5624B14D8CAF700E41B86 /* SettingsViewController.h */,
				E8B5624C14D8CAF700E41B86 /* SettingsViewController.m */,
				E8ADCF1214B5682000889AAA /* IPGWViewController.h */,
				E8ADCF1314B5682000889AAA /* IPGWViewController.m */,
				E8ADCF1514B5682000889AAA /* IPGWViewController_iPhone.xib */,
				E8ADCF1814B5682000889AAA /* IPGWViewController_iPad.xib */,
				E8ADCF0714B5682000889AAA /* Supporting Files */,
			);
			path = IPGateway;
			sourceTree = "<group>";
		};
		E8ADCF0714B5682000889AAA /* Supporting Files */ = {
			isa = PBXGroup;
			children = (
				E877DC38151D6657007F5B3A /* Localizable.strings */,
				E8ADCF0814B5682000889AAA /* IPGateway-Info.plist */,
				E8ADCF0914B5682000889AAA /* InfoPlist.strings */,
				E8ADCF0C14B5682000889AAA /* main.m */,
				E8ADCF0E14B5682000889AAA /* IPGateway-Prefix.pch */,
			);
			name = "Supporting Files";
			sourceTree = "<group>";
		};
		E8E5BD6E15734F95004BE6F9 /* Icons */ = {
			isa = PBXGroup;
			children = (
				6C2A0DCB17EC74BB007C3997 /* ipgw_57x57.png */,
				6C2A0DC717EC7340007C3997 /* Default-568h@2x.png */,
				6C2A0DCC17EC74BB007C3997 /* ipgw_72x72.png */,
				6C2A0DCD17EC74BB007C3997 /* ipgw_76x76.png */,
				6C2A0DCE17EC74BB007C3997 /* ipgw_114x114.png */,
				6C2A0DCF17EC74BB007C3997 /* ipgw_120x120.png */,
				6C2A0DD017EC74BB007C3997 /* ipgw_144x144.png */,
				6C2A0DD117EC74BB007C3997 /* ipgw_152x152.png */,
			);
			name = Icons;
			path = IPGateway;
			sourceTree = "<group>";
		};
/* End PBXGroup section */

/* Begin PBXNativeTarget section */
		E8ADCEFB14B5682000889AAA /* IPGateway */ = {
			isa = PBXNativeTarget;
			buildConfigurationList = E8ADCF1D14B5682000889AAA /* Build configuration list for PBXNativeTarget "IPGateway" */;
			buildPhases = (
				E8ADCEF814B5682000889AAA /* Sources */,
				E8ADCEF914B5682000889AAA /* Frameworks */,
				E8ADCEFA14B5682000889AAA /* Resources */,
			);
			buildRules = (
			);
			dependencies = (
			);
			name = IPGateway;
			productName = IPGateway;
			productReference = E8ADCEFC14B5682000889AAA /* IPGateway.app */;
			productType = "com.apple.product-type.application";
		};
/* End PBXNativeTarget section */

/* Begin PBXProject section */
		E8ADCEF314B5681F00889AAA /* Project object */ = {
			isa = PBXProject;
			attributes = {
				LastUpgradeCheck = 0600;
				ORGANIZATIONNAME = "Peking University";
				TargetAttributes = {
					E8ADCEFB14B5682000889AAA = {
						DevelopmentTeam = RAE237RSGC;
					};
				};
			};
			buildConfigurationList = E8ADCEF614B5681F00889AAA /* Build configuration list for PBXProject "IPGateway" */;
			compatibilityVersion = "Xcode 3.2";
			developmentRegion = English;
			hasScannedForEncodings = 0;
			knownRegions = (
				en,
				zh,
				"zh-Hans",
			);
			mainGroup = E8ADCEF114B5681F00889AAA;
			productRefGroup = E8ADCEFD14B5682000889AAA /* Products */;
			projectDirPath = "";
			projectRoot = "";
			targets = (
				E8ADCEFB14B5682000889AAA /* IPGateway */,
			);
		};
/* End PBXProject section */

/* Begin PBXResourcesBuildPhase section */
		E8ADCEFA14B5682000889AAA /* Resources */ = {
			isa = PBXResourcesBuildPhase;
			buildActionMask = 2147483647;
			files = (
				E8ADCF0B14B5682000889AAA /* InfoPlist.strings in Resources */,
				6C2A0DD517EC74BB007C3997 /* ipgw_114x114.png in Resources */,
				6C2A0DD417EC74BB007C3997 /* ipgw_76x76.png in Resources */,
				E8ADCF1714B5682000889AAA /* IPGWViewController_iPhone.xib in Resources */,
				E8ADCF1A14B5682000889AAA /* IPGWViewController_iPad.xib in Resources */,
				E8FB815114B8161B00F6178C /* noname-lake.jpg in Resources */,
				6C2A0DD617EC74BB007C3997 /* ipgw_120x120.png in Resources */,
				6C2A0DD717EC74BB007C3997 /* ipgw_144x144.png in Resources */,
				6C2A0DC817EC7340007C3997 /* Default-568h@2x.png in Resources */,
				6C2A0DD817EC74BB007C3997 /* ipgw_152x152.png in Resources */,
				E89B316B14D8E15900B00A6E /* ToggleSwitchCell.xib in Resources */,
				E877DC3A151D6657007F5B3A /* Localizable.strings in Resources */,
				6C2A0DD317EC74BB007C3997 /* ipgw_72x72.png in Resources */,
				6C2A0DD217EC74BB007C3997 /* ipgw_57x57.png in Resources */,
				E877DC49151D8708007F5B3A /* SettingsViewController.xib in Resources */,
				6CBA344919CC7662002B9A39 /* ValuePickerCell.xib in Resources */,
			);
			runOnlyForDeploymentPostprocessing = 0;
		};
/* End PBXResourcesBuildPhase section */

/* Begin PBXSourcesBuildPhase section */
		E8ADCEF814B5682000889AAA /* Sources */ = {
			isa = PBXSourcesBuildPhase;
			buildActionMask = 2147483647;
			files = (
				E8ADCF0D14B5682000889AAA /* main.m in Sources */,
				6CBA344C19CC7975002B9A39 /* ValuePickerCell.m in Sources */,
				E8ADCF1114B5682000889AAA /* IPGWAppDelegate.m in Sources */,
				E8ADCF1414B5682000889AAA /* IPGWViewController.m in Sources */,
				E8B5624E14D8CAF700E41B86 /* SettingsViewController.m in Sources */,
				E8E09BBB14D8E26D00291900 /* ToggleSwitchCell.m in Sources */,
			);
			runOnlyForDeploymentPostprocessing = 0;
		};
/* End PBXSourcesBuildPhase section */

/* Begin PBXVariantGroup section */
		E877DC38151D6657007F5B3A /* Localizable.strings */ = {
			isa = PBXVariantGroup;
			children = (
				E877DC39151D6657007F5B3A /* en */,
				E877DC3F151D6707007F5B3A /* zh-Hans */,
			);
			name = Localizable.strings;
			sourceTree = "<group>";
		};
		E877DC47151D8707007F5B3A /* SettingsViewController.xib */ = {
			isa = PBXVariantGroup;
			children = (
				E877DC48151D8708007F5B3A /* zh-Hans */,
				E877DC4A151D8718007F5B3A /* en */,
			);
			name = SettingsViewController.xib;
			sourceTree = "<group>";
		};
		E8ADCF0914B5682000889AAA /* InfoPlist.strings */ = {
			isa = PBXVariantGroup;
			children = (
				E8ADCF0A14B5682000889AAA /* en */,
				E877DC50151D8CB6007F5B3A /* zh-Hans */,
			);
			name = InfoPlist.strings;
			sourceTree = "<group>";
		};
		E8ADCF1514B5682000889AAA /* IPGWViewController_iPhone.xib */ = {
			isa = PBXVariantGroup;
			children = (
				E8ADCF1614B5682000889AAA /* en */,
				E877DC44151D6759007F5B3A /* zh-Hans */,
			);
			name = IPGWViewController_iPhone.xib;
			sourceTree = "<group>";
		};
		E8ADCF1814B5682000889AAA /* IPGWViewController_iPad.xib */ = {
			isa = PBXVariantGroup;
			children = (
				E8ADCF1914B5682000889AAA /* en */,
				E877DC43151D6759007F5B3A /* zh-Hans */,
			);
			name = IPGWViewController_iPad.xib;
			sourceTree = "<group>";
		};
/* End PBXVariantGroup section */

/* Begin XCBuildConfiguration section */
		E8ADCF1B14B5682000889AAA /* Debug */ = {
			isa = XCBuildConfiguration;
			buildSettings = {
				ALWAYS_SEARCH_USER_PATHS = NO;
				CLANG_WARN_BOOL_CONVERSION = YES;
				CLANG_WARN_CONSTANT_CONVERSION = YES;
				CLANG_WARN_EMPTY_BODY = YES;
				CLANG_WARN_ENUM_CONVERSION = YES;
				CLANG_WARN_INT_CONVERSION = YES;
				CLANG_WARN_UNREACHABLE_CODE = YES;
				CLANG_WARN__DUPLICATE_METHOD_MATCH = YES;
				CODE_SIGN_IDENTITY = "iPhone Developer";
				COPY_PHASE_STRIP = NO;
				ENABLE_STRICT_OBJC_MSGSEND = YES;
				GCC_C_LANGUAGE_STANDARD = gnu99;
				GCC_DYNAMIC_NO_PIC = NO;
				GCC_OPTIMIZATION_LEVEL = 0;
				GCC_PREPROCESSOR_DEFINITIONS = (
					"DEBUG=1",
					"$(inherited)",
				);
				GCC_SYMBOLS_PRIVATE_EXTERN = NO;
				GCC_THUMB_SUPPORT = NO;
				GCC_VERSION = com.apple.compilers.llvm.clang.1_0;
				GCC_WARN_64_TO_32_BIT_CONVERSION = YES;
				GCC_WARN_ABOUT_MISSING_PROTOTYPES = YES;
				GCC_WARN_ABOUT_RETURN_TYPE = YES;
				GCC_WARN_UNDECLARED_SELECTOR = YES;
				GCC_WARN_UNINITIALIZED_AUTOS = YES;
				GCC_WARN_UNUSED_FUNCTION = YES;
				GCC_WARN_UNUSED_VARIABLE = YES;
				IPHONEOS_DEPLOYMENT_TARGET = 4.3;
				ONLY_ACTIVE_ARCH = YES;
				PROVISIONING_PROFILE = "";
				SDKROOT = iphoneos;
				TARGETED_DEVICE_FAMILY = "1,2";
			};
			name = Debug;
		};
		E8ADCF1C14B5682000889AAA /* Release */ = {
			isa = XCBuildConfiguration;
			buildSettings = {
				ALWAYS_SEARCH_USER_PATHS = NO;
				CLANG_WARN_BOOL_CONVERSION = YES;
				CLANG_WARN_CONSTANT_CONVERSION = YES;
				CLANG_WARN_EMPTY_BODY = YES;
				CLANG_WARN_ENUM_CONVERSION = YES;
				CLANG_WARN_INT_CONVERSION = YES;
				CLANG_WARN_UNREACHABLE_CODE = YES;
				CLANG_WARN__DUPLICATE_METHOD_MATCH = YES;
				CODE_SIGN_IDENTITY = "iPhone Distribution";
				COPY_PHASE_STRIP = YES;
				ENABLE_STRICT_OBJC_MSGSEND = YES;
				GCC_C_LANGUAGE_STANDARD = gnu99;
				GCC_THUMB_SUPPORT = NO;
				GCC_VERSION = com.apple.compilers.llvm.clang.1_0;
				GCC_WARN_64_TO_32_BIT_CONVERSION = YES;
				GCC_WARN_ABOUT_MISSING_PROTOTYPES = YES;
				GCC_WARN_ABOUT_RETURN_TYPE = YES;
				GCC_WARN_UNDECLARED_SELECTOR = YES;
				GCC_WARN_UNINITIALIZED_AUTOS = YES;
				GCC_WARN_UNUSED_FUNCTION = YES;
				GCC_WARN_UNUSED_VARIABLE = YES;
				IPHONEOS_DEPLOYMENT_TARGET = 4.3;
				OTHER_CFLAGS = "-DNS_BLOCK_ASSERTIONS=1";
				PROVISIONING_PROFILE = "";
				SDKROOT = iphoneos;
				TARGETED_DEVICE_FAMILY = "1,2";
				VALIDATE_PRODUCT = YES;
			};
			name = Release;
		};
		E8ADCF1E14B5682000889AAA /* Debug */ = {
			isa = XCBuildConfiguration;
			buildSettings = {
				CODE_SIGN_IDENTITY = "iPhone Developer";
				"CODE_SIGN_IDENTITY[sdk=iphoneos*]" = "iPhone Developer";
				GCC_PRECOMPILE_PREFIX_HEADER = YES;
				GCC_PREFIX_HEADER = "IPGateway/IPGateway-Prefix.pch";
				GCC_THUMB_SUPPORT = NO;
				INFOPLIST_FILE = "IPGateway/IPGateway-Info.plist";
				IPHONEOS_DEPLOYMENT_TARGET = 5.0;
				PRODUCT_NAME = "$(TARGET_NAME)";
				PROVISIONING_PROFILE = "";
				VALID_ARCHS = "armv7 armv7s";
				WRAPPER_EXTENSION = app;
			};
			name = Debug;
		};
		E8ADCF1F14B5682000889AAA /* Release */ = {
			isa = XCBuildConfiguration;
			buildSettings = {
				CODE_SIGN_IDENTITY = "iPhone Distribution";
				"CODE_SIGN_IDENTITY[sdk=iphoneos*]" = "iPhone Distribution";
				GCC_PRECOMPILE_PREFIX_HEADER = YES;
				GCC_PREFIX_HEADER = "IPGateway/IPGateway-Prefix.pch";
				GCC_THUMB_SUPPORT = NO;
				INFOPLIST_FILE = "IPGateway/IPGateway-Info.plist";
				IPHONEOS_DEPLOYMENT_TARGET = 5.0;
				PRODUCT_NAME = "$(TARGET_NAME)";
				PROVISIONING_PROFILE = "";
				VALID_ARCHS = "armv7 armv7s";
				WRAPPER_EXTENSION = app;
			};
			name = Release;
		};
/* End XCBuildConfiguration section */

/* Begin XCConfigurationList section */
		E8ADCEF614B5681F00889AAA /* Build configuration list for PBXProject "IPGateway" */ = {
			isa = XCConfigurationList;
			buildConfigurations = (
				E8ADCF1B14B5682000889AAA /* Debug */,
				E8ADCF1C14B5682000889AAA /* Release */,
			);
			defaultConfigurationIsVisible = 0;
			defaultConfigurationName = Release;
		};
		E8ADCF1D14B5682000889AAA /* Build configuration list for PBXNativeTarget "IPGateway" */ = {
			isa = XCConfigurationList;
			buildConfigurations = (
				E8ADCF1E14B5682000889AAA /* Debug */,
				E8ADCF1F14B5682000889AAA /* Release */,
			);
			defaultConfigurationIsVisible = 0;
			defaultConfigurationName = Release;
		};
/* End XCConfigurationList section */
	};
	rootObject = E8ADCEF314B5681F00889AAA /* Project object */;
}
